
Microsoft Visual Studio Solution File, Format Version 12.00
# Visual Studio Version 17
VisualStudioVersion = 17.10.35027.167
MinimumVisualStudioVersion = 10.0.40219.1
Project("{FAE04EC0-301F-11D3-BF4B-00C04F79EFBC}") = "ot11-reconstructor", "ot11-reconstructor\ot11-reconstructor.csproj", "{0430F84E-96B9-46DF-96F1-2A08A283CC02}"
EndProject
Global
	GlobalSection(SolutionConfigurationPlatforms) = preSolution
		Debug|Any CPU = Debug|Any CPU
		Release|Any CPU = Release|Any CPU
	EndGlobalSection
	GlobalSection(ProjectConfigurationPlatforms) = postSolution
		{0430F84E-96B9-46DF-96F1-2A08A283CC02}.Debug|Any CPU.ActiveCfg = Debug|Any CPU
		{0430F84E-96B9-46DF-96F1-2A08A283CC02}.Debug|Any CPU.Build.0 = Debug|Any CPU
		{0430F84E-96B9-46DF-96F1-2A08A283CC02}.Release|Any CPU.ActiveCfg = Release|Any CPU
		{0430F84E-96B9-46DF-96F1-2A08A283CC02}.Release|Any CPU.Build.0 = Release|Any CPU
	EndGlobalSection
	GlobalSection(SolutionProperties) = preSolution
		HideSolutionNode = FALSE
	EndGlobalSection
	GlobalSection(ExtensibilityGlobals) = postSolution
		SolutionGuid = {040F4EA9-EC14-4404-97D6-99AB20CE5FA4}
	EndGlobalSection
EndGlobal
